
Microsoft Visual Studio Solution File, Format Version 12.00
# Visual Studio Version 16
Project("{FAE04EC0-301F-11D3-BF4B-00C04F79EFBC}") = "AskXammy", "AskXammy.csproj", "{D72A2BF4-634B-425D-99DC-0D8430A09E47}"
EndProject
Global
	GlobalSection(SolutionConfigurationPlatforms) = preSolution
		Debug|Any CPU = Debug|Any CPU
		Release|Any CPU = Release|Any CPU
	EndGlobalSection
	GlobalSection(ProjectConfigurationPlatforms) = postSolution
		{D72A2BF4-634B-425D-99DC-0D8430A09E47}.Debug|Any CPU.ActiveCfg = Debug|Any CPU
		{D72A2BF4-634B-425D-99DC-0D8430A09E47}.Debug|Any CPU.Build.0 = Debug|Any CPU
		{D72A2BF4-634B-425D-99DC-0D8430A09E47}.Release|Any CPU.ActiveCfg = Release|Any CPU
		{D72A2BF4-634B-425D-99DC-0D8430A09E47}.Release|Any CPU.Build.0 = Release|Any CPU
	EndGlobalSection
EndGlobal
